
Microsoft Visual Studio Solution File, Format Version 12.00
# Visual Studio 15
VisualStudioVersion = 15.0.28307.438
MinimumVisualStudioVersion = 10.0.40219.1
Project("{8BC9CEB8-8B4A-11D0-8D11-00A0C91BC942}") = "Proyecto Filleable", "Proyecto Filleable\Proyecto Filleable.vcxproj", "{21B42227-8E23-4D77-9F08-FBC215354EBF}"
EndProject
Global
	GlobalSection(SolutionConfigurationPlatforms) = preSolution
		Debug|x64 = Debug|x64
		Debug|x86 = Debug|x86
		Release|x64 = Release|x64
		Release|x86 = Release|x86
	EndGlobalSection
	GlobalSection(ProjectConfigurationPlatforms) = postSolution
		{21B42227-8E23-4D77-9F08-FBC215354EBF}.Debug|x64.ActiveCfg = Debug|x64
		{21B42227-8E23-4D77-9F08-FBC215354EBF}.Debug|x64.Build.0 = Debug|x64
		{21B42227-8E23-4D77-9F08-FBC215354EBF}.Debug|x86.ActiveCfg = Debug|Win32
		{21B42227-8E23-4D77-9F08-FBC215354EBF}.Debug|x86.Build.0 = Debug|Win32
		{21B42227-8E23-4D77-9F08-FBC215354EBF}.Release|x64.ActiveCfg = Release|x64
		{21B42227-8E23-4D77-9F08-FBC215354EBF}.Release|x64.Build.0 = Release|x64
		{21B42227-8E23-4D77-9F08-FBC215354EBF}.Release|x86.ActiveCfg = Release|Win32
		{21B42227-8E23-4D77-9F08-FBC215354EBF}.Release|x86.Build.0 = Release|Win32
	EndGlobalSection
	GlobalSection(SolutionProperties) = preSolution
		HideSolutionNode = FALSE
	EndGlobalSection
	GlobalSection(ExtensibilityGlobals) = postSolution
		SolutionGuid = {D94A3007-AFB8-4B0E-8CA0-80CFDC1A2CE6}
	EndGlobalSection
EndGlobal
